
Microsoft Visual Studio Solution File, Format Version 12.00
# Visual Studio Version 17
VisualStudioVersion = 17.8.34309.116
MinimumVisualStudioVersion = 10.0.40219.1
Project("{FAE04EC0-301F-11D3-BF4B-00C04F79EFBC}") = "Aoc 2015 Day3", "Aoc 2015 Day3\Aoc 2015 Day3.csproj", "{AB1796C8-79F6-42BA-92BB-D737DE0414E2}"
EndProject
Global
	GlobalSection(SolutionConfigurationPlatforms) = preSolution
		Debug|Any CPU = Debug|Any CPU
		Release|Any CPU = Release|Any CPU
	EndGlobalSection
	GlobalSection(ProjectConfigurationPlatforms) = postSolution
		{AB1796C8-79F6-42BA-92BB-D737DE0414E2}.Debug|Any CPU.ActiveCfg = Debug|Any CPU
		{AB1796C8-79F6-42BA-92BB-D737DE0414E2}.Debug|Any CPU.Build.0 = Debug|Any CPU
		{AB1796C8-79F6-42BA-92BB-D737DE0414E2}.Release|Any CPU.ActiveCfg = Release|Any CPU
		{AB1796C8-79F6-42BA-92BB-D737DE0414E2}.Release|Any CPU.Build.0 = Release|Any CPU
	EndGlobalSection
	GlobalSection(SolutionProperties) = preSolution
		HideSolutionNode = FALSE
	EndGlobalSection
	GlobalSection(ExtensibilityGlobals) = postSolution
		SolutionGuid = {C3401254-EDC1-4470-A322-A616D1FBAE8C}
	EndGlobalSection
EndGlobal
